// !$*UTF8*$!
{
	archiveVersion = 1;
	classes = {
	};
	objectVersion = 46;
	objects = {

/* Begin PBXBuildFile section */
		49A08F7E1AED42010092D482 /* BrokerTests.m in Sources */ = {isa = PBXBuildFile; fileRef = 49A08F7D1AED42010092D482 /* BrokerTests.m */; };
		49A08F811AED43130092D482 /* Broker.m in Sources */ = {isa = PBXBuildFile; fileRef = 49A08F801AED43130092D482 /* Broker.m */; };
		49A08F821AED43130092D482 /* Broker.m in Sources */ = {isa = PBXBuildFile; fileRef = 49A08F801AED43130092D482 /* Broker.m */; };
		49A08F841AED57890092D482 /* WalletTests.m in Sources */ = {isa = PBXBuildFile; fileRef = 49A08F831AED57890092D482 /* WalletTests.m */; };
		49A08F871AED59940092D482 /* Wallet.m in Sources */ = {isa = PBXBuildFile; fileRef = 49A08F861AED59940092D482 /* Wallet.m */; };
		49A08F881AED59940092D482 /* Wallet.m in Sources */ = {isa = PBXBuildFile; fileRef = 49A08F861AED59940092D482 /* Wallet.m */; };
		49A08F8D1AED688E0092D482 /* SimpleViewController.m in Sources */ = {isa = PBXBuildFile; fileRef = 49A08F8B1AED688E0092D482 /* SimpleViewController.m */; };
		49A08F8E1AED688E0092D482 /* SimpleViewController.m in Sources */ = {isa = PBXBuildFile; fileRef = 49A08F8B1AED688E0092D482 /* SimpleViewController.m */; };
		49A08F8F1AED688E0092D482 /* SimpleViewController.xib in Resources */ = {isa = PBXBuildFile; fileRef = 49A08F8C1AED688E0092D482 /* SimpleViewController.xib */; };
		49A08F901AED688E0092D482 /* SimpleViewController.xib in Resources */ = {isa = PBXBuildFile; fileRef = 49A08F8C1AED688E0092D482 /* SimpleViewController.xib */; };
		49A08F931AED68CD0092D482 /* ControllersTests.m in Sources */ = {isa = PBXBuildFile; fileRef = 49A08F921AED68CD0092D482 /* ControllersTests.m */; };
		54450B571AE788330064587A /* main.m in Sources */ = {isa = PBXBuildFile; fileRef = 54450B561AE788330064587A /* main.m */; };
		54450B5A1AE788330064587A /* AppDelegate.m in Sources */ = {isa = PBXBuildFile; fileRef = 54450B591AE788330064587A /* AppDelegate.m */; };
		54450B5D1AE788330064587A /* ViewController.m in Sources */ = {isa = PBXBuildFile; fileRef = 54450B5C1AE788330064587A /* ViewController.m */; };
		54450B601AE788330064587A /* Main.storyboard in Resources */ = {isa = PBXBuildFile; fileRef = 54450B5E1AE788330064587A /* Main.storyboard */; };
		54450B621AE788330064587A /* Images.xcassets in Resources */ = {isa = PBXBuildFile; fileRef = 54450B611AE788330064587A /* Images.xcassets */; };
		54450B651AE788330064587A /* LaunchScreen.xib in Resources */ = {isa = PBXBuildFile; fileRef = 54450B631AE788330064587A /* LaunchScreen.xib */; };
		54450B8A1AE7C34D0064587A /* Money.m in Sources */ = {isa = PBXBuildFile; fileRef = 54450B891AE7C34D0064587A /* Money.m */; };
		54450B8E1AE7C6E90064587A /* NSObject+GNUStepAddons.m in Sources */ = {isa = PBXBuildFile; fileRef = 54450B8D1AE7C6E90064587A /* NSObject+GNUStepAddons.m */; };
		54450B901AE7C8F80064587A /* MoneyTests.m in Sources */ = {isa = PBXBuildFile; fileRef = 54450B8F1AE7C8F80064587A /* MoneyTests.m */; };
/* End PBXBuildFile section */

/* Begin PBXContainerItemProxy section */
		54450B6B1AE788330064587A /* PBXContainerItemProxy */ = {
			isa = PBXContainerItemProxy;
			containerPortal = 54450B491AE788330064587A /* Project object */;
			proxyType = 1;
			remoteGlobalIDString = 54450B501AE788330064587A;
			remoteInfo = MoneyConverter;
		};
/* End PBXContainerItemProxy section */

/* Begin PBXFileReference section */
		49A08F7D1AED42010092D482 /* BrokerTests.m */ = {isa = PBXFileReference; fileEncoding = 4; lastKnownFileType = sourcecode.c.objc; path = BrokerTests.m; sourceTree = "<group>"; };
		49A08F7F1AED43130092D482 /* Broker.h */ = {isa = PBXFileReference; fileEncoding = 4; lastKnownFileType = sourcecode.c.h; path = Broker.h; sourceTree = "<group>"; };
		49A08F801AED43130092D482 /* Broker.m */ = {isa = PBXFileReference; fileEncoding = 4; lastKnownFileType = sourcecode.c.objc; path = Broker.m; sourceTree = "<group>"; };
		49A08F831AED57890092D482 /* WalletTests.m */ = {isa = PBXFileReference; fileEncoding = 4; lastKnownFileType = sourcecode.c.objc; path = WalletTests.m; sourceTree = "<group>"; };
		49A08F851AED59940092D482 /* Wallet.h */ = {isa = PBXFileReference; fileEncoding = 4; lastKnownFileType = sourcecode.c.h; path = Wallet.h; sourceTree = "<group>"; };
		49A08F861AED59940092D482 /* Wallet.m */ = {isa = PBXFileReference; fileEncoding = 4; lastKnownFileType = sourcecode.c.objc; path = Wallet.m; sourceTree = "<group>"; };
		49A08F8A1AED688E0092D482 /* SimpleViewController.h */ = {isa = PBXFileReference; fileEncoding = 4; lastKnownFileType = sourcecode.c.h; path = SimpleViewController.h; sourceTree = "<group>"; };
		49A08F8B1AED688E0092D482 /* SimpleViewController.m */ = {isa = PBXFileReference; fileEncoding = 4; lastKnownFileType = sourcecode.c.objc; path = SimpleViewController.m; sourceTree = "<group>"; };
		49A08F8C1AED688E0092D482 /* SimpleViewController.xib */ = {isa = PBXFileReference; fileEncoding = 4; lastKnownFileType = file.xib; path = SimpleViewController.xib; sourceTree = "<group>"; };
		49A08F921AED68CD0092D482 /* ControllersTests.m */ = {isa = PBXFileReference; fileEncoding = 4; lastKnownFileType = sourcecode.c.objc; path = ControllersTests.m; sourceTree = "<group>"; };
		54450B511AE788330064587A /* MoneyConverter.app */ = {isa = PBXFileReference; explicitFileType = wrapper.application; includeInIndex = 0; path = MoneyConverter.app; sourceTree = BUILT_PRODUCTS_DIR; };
		54450B551AE788330064587A /* Info.plist */ = {isa = PBXFileReference; lastKnownFileType = text.plist.xml; path = Info.plist; sourceTree = "<group>"; };
		54450B561AE788330064587A /* main.m */ = {isa = PBXFileReference; lastKnownFileType = sourcecode.c.objc; path = main.m; sourceTree = "<group>"; };
		54450B581AE788330064587A /* AppDelegate.h */ = {isa = PBXFileReference; lastKnownFileType = sourcecode.c.h; path = AppDelegate.h; sourceTree = "<group>"; };
		54450B591AE788330064587A /* AppDelegate.m */ = {isa = PBXFileReference; lastKnownFileType = sourcecode.c.objc; path = AppDelegate.m; sourceTree = "<group>"; };
		54450B5B1AE788330064587A /* ViewController.h */ = {isa = PBXFileReference; lastKnownFileType = sourcecode.c.h; path = ViewController.h; sourceTree = "<group>"; };
		54450B5C1AE788330064587A /* ViewController.m */ = {isa = PBXFileReference; lastKnownFileType = sourcecode.c.objc; path = ViewController.m; sourceTree = "<group>"; };
		54450B5F1AE788330064587A /* Base */ = {isa = PBXFileReference; lastKnownFileType = file.storyboard; name = Base; path = Base.lproj/Main.storyboard; sourceTree = "<group>"; };
		54450B611AE788330064587A /* Images.xcassets */ = {isa = PBXFileReference; lastKnownFileType = folder.assetcatalog; path = Images.xcassets; sourceTree = "<group>"; };
		54450B641AE788330064587A /* Base */ = {isa = PBXFileReference; lastKnownFileType = file.xib; name = Base; path = Base.lproj/LaunchScreen.xib; sourceTree = "<group>"; };
		54450B6A1AE788330064587A /* MoneyConverterTests.xctest */ = {isa = PBXFileReference; explicitFileType = wrapper.cfbundle; includeInIndex = 0; path = MoneyConverterTests.xctest; sourceTree = BUILT_PRODUCTS_DIR; };
		54450B6F1AE788330064587A /* Info.plist */ = {isa = PBXFileReference; lastKnownFileType = text.plist.xml; path = Info.plist; sourceTree = "<group>"; };
		54450B881AE7C34D0064587A /* Money.h */ = {isa = PBXFileReference; fileEncoding = 4; lastKnownFileType = sourcecode.c.h; path = Money.h; sourceTree = "<group>"; };
		54450B891AE7C34D0064587A /* Money.m */ = {isa = PBXFileReference; fileEncoding = 4; lastKnownFileType = sourcecode.c.objc; path = Money.m; sourceTree = "<group>"; };
		54450B8C1AE7C6E90064587A /* NSObject+GNUStepAddons.h */ = {isa = PBXFileReference; fileEncoding = 4; lastKnownFileType = sourcecode.c.h; path = "NSObject+GNUStepAddons.h"; sourceTree = "<group>"; };
		54450B8D1AE7C6E90064587A /* NSObject+GNUStepAddons.m */ = {isa = PBXFileReference; fileEncoding = 4; lastKnownFileType = sourcecode.c.objc; path = "NSObject+GNUStepAddons.m"; sourceTree = "<group>"; };
		54450B8F1AE7C8F80064587A /* MoneyTests.m */ = {isa = PBXFileReference; fileEncoding = 4; lastKnownFileType = sourcecode.c.objc; path = MoneyTests.m; sourceTree = "<group>"; };
/* End PBXFileReference section */

/* Begin PBXFrameworksBuildPhase section */
		54450B4E1AE788330064587A /* Frameworks */ = {
			isa = PBXFrameworksBuildPhase;
			buildActionMask = 2147483647;
			files = (
			);
			runOnlyForDeploymentPostprocessing = 0;
		};
		54450B671AE788330064587A /* Frameworks */ = {
			isa = PBXFrameworksBuildPhase;
			buildActionMask = 2147483647;
			files = (
			);
			runOnlyForDeploymentPostprocessing = 0;
		};
/* End PBXFrameworksBuildPhase section */

/* Begin PBXGroup section */
		49A08F891AED686C0092D482 /* Controllers */ = {
			isa = PBXGroup;
			children = (
				49A08F8A1AED688E0092D482 /* SimpleViewController.h */,
				49A08F8B1AED688E0092D482 /* SimpleViewController.m */,
				49A08F8C1AED688E0092D482 /* SimpleViewController.xib */,
			);
			name = Controllers;
			sourceTree = "<group>";
		};
		49A08F911AED68A40092D482 /* ControllersTests */ = {
			isa = PBXGroup;
			children = (
				49A08F921AED68CD0092D482 /* ControllersTests.m */,
			);
			name = ControllersTests;
			sourceTree = "<group>";
		};
		54450B481AE788330064587A = {
			isa = PBXGroup;
			children = (
				54450B531AE788330064587A /* MoneyConverter */,
				54450B6D1AE788330064587A /* MoneyConverterTests */,
				54450B521AE788330064587A /* Products */,
			);
			sourceTree = "<group>";
		};
		54450B521AE788330064587A /* Products */ = {
			isa = PBXGroup;
			children = (
				54450B511AE788330064587A /* MoneyConverter.app */,
				54450B6A1AE788330064587A /* MoneyConverterTests.xctest */,
			);
			name = Products;
			sourceTree = "<group>";
		};
		54450B531AE788330064587A /* MoneyConverter */ = {
			isa = PBXGroup;
			children = (
				49A08F891AED686C0092D482 /* Controllers */,
				54450B8B1AE7C6C80064587A /* Categories */,
				54450B7A1AE788830064587A /* Model */,
				54450B581AE788330064587A /* AppDelegate.h */,
				54450B591AE788330064587A /* AppDelegate.m */,
				54450B5B1AE788330064587A /* ViewController.h */,
				54450B5C1AE788330064587A /* ViewController.m */,
				54450B5E1AE788330064587A /* Main.storyboard */,
				54450B611AE788330064587A /* Images.xcassets */,
				54450B631AE788330064587A /* LaunchScreen.xib */,
				54450B541AE788330064587A /* Supporting Files */,
			);
			path = MoneyConverter;
			sourceTree = "<group>";
		};
		54450B541AE788330064587A /* Supporting Files */ = {
			isa = PBXGroup;
			children = (
				54450B551AE788330064587A /* Info.plist */,
				54450B561AE788330064587A /* main.m */,
			);
			name = "Supporting Files";
			sourceTree = "<group>";
		};
		54450B6D1AE788330064587A /* MoneyConverterTests */ = {
			isa = PBXGroup;
			children = (
				49A08F911AED68A40092D482 /* ControllersTests */,
				54450B7B1AE788EC0064587A /* ModelTests */,
				54450B6E1AE788330064587A /* Supporting Files */,
			);
			path = MoneyConverterTests;
			sourceTree = "<group>";
		};
		54450B6E1AE788330064587A /* Supporting Files */ = {
			isa = PBXGroup;
			children = (
				54450B6F1AE788330064587A /* Info.plist */,
			);
			name = "Supporting Files";
			sourceTree = "<group>";
		};
		54450B7A1AE788830064587A /* Model */ = {
			isa = PBXGroup;
			children = (
				54450B881AE7C34D0064587A /* Money.h */,
				54450B891AE7C34D0064587A /* Money.m */,
				49A08F7F1AED43130092D482 /* Broker.h */,
				49A08F801AED43130092D482 /* Broker.m */,
				49A08F851AED59940092D482 /* Wallet.h */,
				49A08F861AED59940092D482 /* Wallet.m */,
			);
			name = Model;
			sourceTree = "<group>";
		};
		54450B7B1AE788EC0064587A /* ModelTests */ = {
			isa = PBXGroup;
			children = (
				54450B8F1AE7C8F80064587A /* MoneyTests.m */,
				49A08F7D1AED42010092D482 /* BrokerTests.m */,
				49A08F831AED57890092D482 /* WalletTests.m */,
			);
			name = ModelTests;
			sourceTree = "<group>";
		};
		54450B8B1AE7C6C80064587A /* Categories */ = {
			isa = PBXGroup;
			children = (
				54450B8C1AE7C6E90064587A /* NSObject+GNUStepAddons.h */,
				54450B8D1AE7C6E90064587A /* NSObject+GNUStepAddons.m */,
			);
			name = Categories;
			sourceTree = "<group>";
		};
/* End PBXGroup section */

/* Begin PBXNativeTarget section */
		54450B501AE788330064587A /* MoneyConverter */ = {
			isa = PBXNativeTarget;
			buildConfigurationList = 54450B741AE788340064587A /* Build configuration list for PBXNativeTarget "MoneyConverter" */;
			buildPhases = (
				54450B4D1AE788330064587A /* Sources */,
				54450B4E1AE788330064587A /* Frameworks */,
				54450B4F1AE788330064587A /* Resources */,
			);
			buildRules = (
			);
			dependencies = (
			);
			name = MoneyConverter;
			productName = MoneyConverter;
			productReference = 54450B511AE788330064587A /* MoneyConverter.app */;
			productType = "com.apple.product-type.application";
		};
		54450B691AE788330064587A /* MoneyConverterTests */ = {
			isa = PBXNativeTarget;
			buildConfigurationList = 54450B771AE788340064587A /* Build configuration list for PBXNativeTarget "MoneyConverterTests" */;
			buildPhases = (
				54450B661AE788330064587A /* Sources */,
				54450B671AE788330064587A /* Frameworks */,
				54450B681AE788330064587A /* Resources */,
			);
			buildRules = (
			);
			dependencies = (
				54450B6C1AE788330064587A /* PBXTargetDependency */,
			);
			name = MoneyConverterTests;
			productName = MoneyConverterTests;
			productReference = 54450B6A1AE788330064587A /* MoneyConverterTests.xctest */;
			productType = "com.apple.product-type.bundle.unit-test";
		};
/* End PBXNativeTarget section */

/* Begin PBXProject section */
		54450B491AE788330064587A /* Project object */ = {
			isa = PBXProject;
			attributes = {
				LastUpgradeCheck = 0610;
				ORGANIZATIONNAME = "Miguel Martín-Nieto";
				TargetAttributes = {
					54450B501AE788330064587A = {
						CreatedOnToolsVersion = 6.1.1;
					};
					54450B691AE788330064587A = {
						CreatedOnToolsVersion = 6.1.1;
						TestTargetID = 54450B501AE788330064587A;
					};
				};
			};
			buildConfigurationList = 54450B4C1AE788330064587A /* Build configuration list for PBXProject "MoneyConverter" */;
			compatibilityVersion = "Xcode 3.2";
			developmentRegion = English;
			hasScannedForEncodings = 0;
			knownRegions = (
				en,
				Base,
			);
			mainGroup = 54450B481AE788330064587A;
			productRefGroup = 54450B521AE788330064587A /* Products */;
			projectDirPath = "";
			projectRoot = "";
			targets = (
				54450B501AE788330064587A /* MoneyConverter */,
				54450B691AE788330064587A /* MoneyConverterTests */,
			);
		};
/* End PBXProject section */

/* Begin PBXResourcesBuildPhase section */
		54450B4F1AE788330064587A /* Resources */ = {
			isa = PBXResourcesBuildPhase;
			buildActionMask = 2147483647;
			files = (
				54450B601AE788330064587A /* Main.storyboard in Resources */,
				54450B651AE788330064587A /* LaunchScreen.xib in Resources */,
				49A08F8F1AED688E0092D482 /* SimpleViewController.xib in Resources */,
				54450B621AE788330064587A /* Images.xcassets in Resources */,
			);
			runOnlyForDeploymentPostprocessing = 0;
		};
		54450B681AE788330064587A /* Resources */ = {
			isa = PBXResourcesBuildPhase;
			buildActionMask = 2147483647;
			files = (
				49A08F901AED688E0092D482 /* SimpleViewController.xib in Resources */,
			);
			runOnlyForDeploymentPostprocessing = 0;
		};
/* End PBXResourcesBuildPhase section */

/* Begin PBXSourcesBuildPhase section */
		54450B4D1AE788330064587A /* Sources */ = {
			isa = PBXSourcesBuildPhase;
			buildActionMask = 2147483647;
			files = (
				54450B8A1AE7C34D0064587A /* Money.m in Sources */,
				54450B8E1AE7C6E90064587A /* NSObject+GNUStepAddons.m in Sources */,
				49A08F8D1AED688E0092D482 /* SimpleViewController.m in Sources */,
				49A08F871AED59940092D482 /* Wallet.m in Sources */,
				54450B5D1AE788330064587A /* ViewController.m in Sources */,
				54450B5A1AE788330064587A /* AppDelegate.m in Sources */,
				49A08F811AED43130092D482 /* Broker.m in Sources */,
				54450B571AE788330064587A /* main.m in Sources */,
			);
			runOnlyForDeploymentPostprocessing = 0;
		};
		54450B661AE788330064587A /* Sources */ = {
			isa = PBXSourcesBuildPhase;
			buildActionMask = 2147483647;
			files = (
				49A08F881AED59940092D482 /* Wallet.m in Sources */,
				49A08F841AED57890092D482 /* WalletTests.m in Sources */,
				49A08F7E1AED42010092D482 /* BrokerTests.m in Sources */,
				49A08F821AED43130092D482 /* Broker.m in Sources */,
				49A08F8E1AED688E0092D482 /* SimpleViewController.m in Sources */,
				49A08F931AED68CD0092D482 /* ControllersTests.m in Sources */,
				54450B901AE7C8F80064587A /* MoneyTests.m in Sources */,
			);
			runOnlyForDeploymentPostprocessing = 0;
		};
/* End PBXSourcesBuildPhase section */

/* Begin PBXTargetDependency section */
		54450B6C1AE788330064587A /* PBXTargetDependency */ = {
			isa = PBXTargetDependency;
			target = 54450B501AE788330064587A /* MoneyConverter */;
			targetProxy = 54450B6B1AE788330064587A /* PBXContainerItemProxy */;
		};
/* End PBXTargetDependency section */

/* Begin PBXVariantGroup section */
		54450B5E1AE788330064587A /* Main.storyboard */ = {
			isa = PBXVariantGroup;
			children = (
				54450B5F1AE788330064587A /* Base */,
			);
			name = Main.storyboard;
			sourceTree = "<group>";
		};
		54450B631AE788330064587A /* LaunchScreen.xib */ = {
			isa = PBXVariantGroup;
			children = (
				54450B641AE788330064587A /* Base */,
			);
			name = LaunchScreen.xib;
			sourceTree = "<group>";
		};
/* End PBXVariantGroup section */

/* Begin XCBuildConfiguration section */
		54450B721AE788340064587A /* Debug */ = {
			isa = XCBuildConfiguration;
			buildSettings = {
				ALWAYS_SEARCH_USER_PATHS = NO;
				CLANG_CXX_LANGUAGE_STANDARD = "gnu++0x";
				CLANG_CXX_LIBRARY = "libc++";
				CLANG_ENABLE_MODULES = YES;
				CLANG_ENABLE_OBJC_ARC = YES;
				CLANG_WARN_BOOL_CONVERSION = YES;
				CLANG_WARN_CONSTANT_CONVERSION = YES;
				CLANG_WARN_DIRECT_OBJC_ISA_USAGE = YES_ERROR;
				CLANG_WARN_EMPTY_BODY = YES;
				CLANG_WARN_ENUM_CONVERSION = YES;
				CLANG_WARN_INT_CONVERSION = YES;
				CLANG_WARN_OBJC_ROOT_CLASS = YES_ERROR;
				CLANG_WARN_UNREACHABLE_CODE = YES;
				CLANG_WARN__DUPLICATE_METHOD_MATCH = YES;
				"CODE_SIGN_IDENTITY[sdk=iphoneos*]" = "iPhone Developer";
				COPY_PHASE_STRIP = NO;
				ENABLE_STRICT_OBJC_MSGSEND = YES;
				GCC_C_LANGUAGE_STANDARD = gnu99;
				GCC_DYNAMIC_NO_PIC = NO;
				GCC_OPTIMIZATION_LEVEL = 0;
				GCC_PREPROCESSOR_DEFINITIONS = (
					"DEBUG=1",
					"$(inherited)",
				);
				GCC_SYMBOLS_PRIVATE_EXTERN = NO;
				GCC_WARN_64_TO_32_BIT_CONVERSION = YES;
				GCC_WARN_ABOUT_RETURN_TYPE = YES_ERROR;
				GCC_WARN_UNDECLARED_SELECTOR = YES;
				GCC_WARN_UNINITIALIZED_AUTOS = YES_AGGRESSIVE;
				GCC_WARN_UNUSED_FUNCTION = YES;
				GCC_WARN_UNUSED_VARIABLE = YES;
				IPHONEOS_DEPLOYMENT_TARGET = 8.1;
				MTL_ENABLE_DEBUG_INFO = YES;
				ONLY_ACTIVE_ARCH = YES;
				SDKROOT = iphoneos;
				TARGETED_DEVICE_FAMILY = "1,2";
			};
			name = Debug;
		};
		54450B731AE788340064587A /* Release */ = {
			isa = XCBuildConfiguration;
			buildSettings = {
				ALWAYS_SEARCH_USER_PATHS = NO;
				CLANG_CXX_LANGUAGE_STANDARD = "gnu++0x";
				CLANG_CXX_LIBRARY = "libc++";
				CLANG_ENABLE_MODULES = YES;
				CLANG_ENABLE_OBJC_ARC = YES;
				CLANG_WARN_BOOL_CONVERSION = YES;
				CLANG_WARN_CONSTANT_CONVERSION = YES;
				CLANG_WARN_DIRECT_OBJC_ISA_USAGE = YES_ERROR;
				CLANG_WARN_EMPTY_BODY = YES;
				CLANG_WARN_ENUM_CONVERSION = YES;
				CLANG_WARN_INT_CONVERSION = YES;
				CLANG_WARN_OBJC_ROOT_CLASS = YES_ERROR;
				CLANG_WARN_UNREACHABLE_CODE = YES;
				CLANG_WARN__DUPLICATE_METHOD_MATCH = YES;
				"CODE_SIGN_IDENTITY[sdk=iphoneos*]" = "iPhone Developer";
				COPY_PHASE_STRIP = YES;
				ENABLE_NS_ASSERTIONS = NO;
				ENABLE_STRICT_OBJC_MSGSEND = YES;
				GCC_C_LANGUAGE_STANDARD = gnu99;
				GCC_WARN_64_TO_32_BIT_CONVERSION = YES;
				GCC_WARN_ABOUT_RETURN_TYPE = YES_ERROR;
				GCC_WARN_UNDECLARED_SELECTOR = YES;
				GCC_WARN_UNINITIALIZED_AUTOS = YES_AGGRESSIVE;
				GCC_WARN_UNUSED_FUNCTION = YES;
				GCC_WARN_UNUSED_VARIABLE = YES;
				IPHONEOS_DEPLOYMENT_TARGET = 8.1;
				MTL_ENABLE_DEBUG_INFO = NO;
				SDKROOT = iphoneos;
				TARGETED_DEVICE_FAMILY = "1,2";
				VALIDATE_PRODUCT = YES;
			};
			name = Release;
		};
		54450B751AE788340064587A /* Debug */ = {
			isa = XCBuildConfiguration;
			buildSettings = {
				ASSETCATALOG_COMPILER_APPICON_NAME = AppIcon;
				INFOPLIST_FILE = MoneyConverter/Info.plist;
				LD_RUNPATH_SEARCH_PATHS = "$(inherited) @executable_path/Frameworks";
				PRODUCT_NAME = "$(TARGET_NAME)";
			};
			name = Debug;
		};
		54450B761AE788340064587A /* Release */ = {
			isa = XCBuildConfiguration;
			buildSettings = {
				ASSETCATALOG_COMPILER_APPICON_NAME = AppIcon;
				INFOPLIST_FILE = MoneyConverter/Info.plist;
				LD_RUNPATH_SEARCH_PATHS = "$(inherited) @executable_path/Frameworks";
				PRODUCT_NAME = "$(TARGET_NAME)";
			};
			name = Release;
		};
		54450B781AE788340064587A /* Debug */ = {
			isa = XCBuildConfiguration;
			buildSettings = {
				BUNDLE_LOADER = "$(TEST_HOST)";
				FRAMEWORK_SEARCH_PATHS = (
					"$(SDKROOT)/Developer/Library/Frameworks",
					"$(inherited)",
				);
				GCC_PREPROCESSOR_DEFINITIONS = (
					"DEBUG=1",
					"$(inherited)",
				);
				INFOPLIST_FILE = MoneyConverterTests/Info.plist;
				LD_RUNPATH_SEARCH_PATHS = "$(inherited) @executable_path/Frameworks @loader_path/Frameworks";
				PRODUCT_NAME = "$(TARGET_NAME)";
				TEST_HOST = "$(BUILT_PRODUCTS_DIR)/MoneyConverter.app/MoneyConverter";
			};
			name = Debug;
		};
		54450B791AE788340064587A /* Release */ = {
			isa = XCBuildConfiguration;
			buildSettings = {
				BUNDLE_LOADER = "$(TEST_HOST)";
				FRAMEWORK_SEARCH_PATHS = (
					"$(SDKROOT)/Developer/Library/Frameworks",
					"$(inherited)",
				);
				INFOPLIST_FILE = MoneyConverterTests/Info.plist;
				LD_RUNPATH_SEARCH_PATHS = "$(inherited) @executable_path/Frameworks @loader_path/Frameworks";
				PRODUCT_NAME = "$(TARGET_NAME)";
				TEST_HOST = "$(BUILT_PRODUCTS_DIR)/MoneyConverter.app/MoneyConverter";
			};
			name = Release;
		};
/* End XCBuildConfiguration section */

/* Begin XCConfigurationList section */
		54450B4C1AE788330064587A /* Build configuration list for PBXProject "MoneyConverter" */ = {
			isa = XCConfigurationList;
			buildConfigurations = (
				54450B721AE788340064587A /* Debug */,
				54450B731AE788340064587A /* Release */,
			);
			defaultConfigurationIsVisible = 0;
			defaultConfigurationName = Release;
		};
		54450B741AE788340064587A /* Build configuration list for PBXNativeTarget "MoneyConverter" */ = {
			isa = XCConfigurationList;
			buildConfigurations = (
				54450B751AE788340064587A /* Debug */,
				54450B761AE788340064587A /* Release */,
			);
			defaultConfigurationIsVisible = 0;
			defaultConfigurationName = Release;
		};
		54450B771AE788340064587A /* Build configuration list for PBXNativeTarget "MoneyConverterTests" */ = {
			isa = XCConfigurationList;
			buildConfigurations = (
				54450B781AE788340064587A /* Debug */,
				54450B791AE788340064587A /* Release */,
			);
			defaultConfigurationIsVisible = 0;
			defaultConfigurationName = Release;
		};
/* End XCConfigurationList section */
	};
	rootObject = 54450B491AE788330064587A /* Project object */;
}
